
Microsoft Visual Studio Solution File, Format Version 12.00
# Visual Studio Version 16
VisualStudioVersion = 16.0.29424.173
MinimumVisualStudioVersion = 10.0.40219.1
Project("{888888A0-9F3D-457C-B088-3A5042F75D52}") = "RubiksCube", "RubiksCube.pyproj", "{1A830B3C-6AEA-4F75-B20E-81A88195778D}"
EndProject
Global
	GlobalSection(SolutionConfigurationPlatforms) = preSolution
		Debug|Any CPU = Debug|Any CPU
		Release|Any CPU = Release|Any CPU
	EndGlobalSection
	GlobalSection(ProjectConfigurationPlatforms) = postSolution
		{1A830B3C-6AEA-4F75-B20E-81A88195778D}.Debug|Any CPU.ActiveCfg = Debug|Any CPU
		{1A830B3C-6AEA-4F75-B20E-81A88195778D}.Release|Any CPU.ActiveCfg = Release|Any CPU
	EndGlobalSection
	GlobalSection(SolutionProperties) = preSolution
		HideSolutionNode = FALSE
	EndGlobalSection
	GlobalSection(ExtensibilityGlobals) = postSolution
		SolutionGuid = {174C455D-BDA8-4B14-8130-F08FA1989D87}
	EndGlobalSection
EndGlobal
